<Solution>
  <Folder Name="/src/" />
  <Folder Name="/src/BuildingBlock/">
    <Project Path="src/BuildingBlock/BuildingBlocks/BuildingBlocks.csproj" />
  </Folder>
  <Folder Name="/src/UserService/">
    <Project Path="src/UserService/UserService.API/UserService.API.csproj" />
    <Project Path="src/UserService/UserService.Application/UserService.Application.csproj" />
    <Project Path="src/UserService/UserService.Domain/UserService.Domain.csproj" />
    <Project Path="src/UserService/UserService.Infrastructure/UserService.Infrastructure.csproj" />
  </Folder>
  <Folder Name="/tests/">
    <Project Path="tests/UserService.Tests/UserService.Tests.csproj" />
  </Folder>
</Solution>
